
Microsoft Visual Studio Solution File, Format Version 12.00
Project("{FAE04EC0-301F-11D3-BF4B-00C04F79EFBC}") = "task02", "task02\task02.csproj", "{1B2924EA-CB33-4BDF-86F8-4A5874B7A516}"
EndProject
Project("{FAE04EC0-301F-11D3-BF4B-00C04F79EFBC}") = "task03", "task03\task03.csproj", "{3691DEEB-1561-4AC9-9D6E-4A00F66CBE7D}"
EndProject
Project("{FAE04EC0-301F-11D3-BF4B-00C04F79EFBC}") = "task04", "task04\task04.csproj", "{34BE463B-492B-4C20-ABAB-3574339A7AD9}"
EndProject
Global
	GlobalSection(SolutionConfigurationPlatforms) = preSolution
		Debug|Any CPU = Debug|Any CPU
		Release|Any CPU = Release|Any CPU
	EndGlobalSection
	GlobalSection(ProjectConfigurationPlatforms) = postSolution
		{1B2924EA-CB33-4BDF-86F8-4A5874B7A516}.Debug|Any CPU.ActiveCfg = Debug|Any CPU
		{1B2924EA-CB33-4BDF-86F8-4A5874B7A516}.Debug|Any CPU.Build.0 = Debug|Any CPU
		{1B2924EA-CB33-4BDF-86F8-4A5874B7A516}.Release|Any CPU.ActiveCfg = Release|Any CPU
		{1B2924EA-CB33-4BDF-86F8-4A5874B7A516}.Release|Any CPU.Build.0 = Release|Any CPU
		{3691DEEB-1561-4AC9-9D6E-4A00F66CBE7D}.Debug|Any CPU.ActiveCfg = Debug|Any CPU
		{3691DEEB-1561-4AC9-9D6E-4A00F66CBE7D}.Debug|Any CPU.Build.0 = Debug|Any CPU
		{3691DEEB-1561-4AC9-9D6E-4A00F66CBE7D}.Release|Any CPU.ActiveCfg = Release|Any CPU
		{3691DEEB-1561-4AC9-9D6E-4A00F66CBE7D}.Release|Any CPU.Build.0 = Release|Any CPU
		{34BE463B-492B-4C20-ABAB-3574339A7AD9}.Debug|Any CPU.ActiveCfg = Debug|Any CPU
		{34BE463B-492B-4C20-ABAB-3574339A7AD9}.Debug|Any CPU.Build.0 = Debug|Any CPU
		{34BE463B-492B-4C20-ABAB-3574339A7AD9}.Release|Any CPU.ActiveCfg = Release|Any CPU
		{34BE463B-492B-4C20-ABAB-3574339A7AD9}.Release|Any CPU.Build.0 = Release|Any CPU
	EndGlobalSection
EndGlobal
